
Microsoft Visual Studio Solution File, Format Version 12.00
# Visual Studio 15
VisualStudioVersion = 15.0.26124.0
MinimumVisualStudioVersion = 15.0.26124.0
Project("{2150E333-8FDC-42A3-9474-1A3956D46DE8}") = "src", "src", "{BC9797D7-09BA-49D9-95D9-930320861A99}"
EndProject
Project("{FAE04EC0-301F-11D3-BF4B-00C04F79EFBC}") = "Sorts", "src\Sorts\Sorts.csproj", "{08D27E53-BEE7-4BCC-AE34-63E44B8F00CE}"
EndProject
Project("{2150E333-8FDC-42A3-9474-1A3956D46DE8}") = "tests", "tests", "{AFADF9A8-E851-455C-A88A-F1D88902DCFD}"
EndProject
Project("{FAE04EC0-301F-11D3-BF4B-00C04F79EFBC}") = "Sorts.Consoles", "tests\Sorts.Consoles\Sorts.Consoles.csproj", "{B4D513D6-7535-4A08-B754-B465C8BB9900}"
EndProject
Project("{FAE04EC0-301F-11D3-BF4B-00C04F79EFBC}") = "Sorts.Tests", "tests\Sorts.Tests\Sorts.Tests.csproj", "{D3A60A2C-A4D6-4B1F-AD46-76EE6C164C02}"
EndProject
Global
	GlobalSection(SolutionConfigurationPlatforms) = preSolution
		Debug|Any CPU = Debug|Any CPU
		Debug|x64 = Debug|x64
		Debug|x86 = Debug|x86
		Release|Any CPU = Release|Any CPU
		Release|x64 = Release|x64
		Release|x86 = Release|x86
	EndGlobalSection
	GlobalSection(SolutionProperties) = preSolution
		HideSolutionNode = FALSE
	EndGlobalSection
	GlobalSection(ProjectConfigurationPlatforms) = postSolution
		{08D27E53-BEE7-4BCC-AE34-63E44B8F00CE}.Debug|Any CPU.ActiveCfg = Debug|Any CPU
		{08D27E53-BEE7-4BCC-AE34-63E44B8F00CE}.Debug|Any CPU.Build.0 = Debug|Any CPU
		{08D27E53-BEE7-4BCC-AE34-63E44B8F00CE}.Debug|x64.ActiveCfg = Debug|x64
		{08D27E53-BEE7-4BCC-AE34-63E44B8F00CE}.Debug|x64.Build.0 = Debug|x64
		{08D27E53-BEE7-4BCC-AE34-63E44B8F00CE}.Debug|x86.ActiveCfg = Debug|x86
		{08D27E53-BEE7-4BCC-AE34-63E44B8F00CE}.Debug|x86.Build.0 = Debug|x86
		{08D27E53-BEE7-4BCC-AE34-63E44B8F00CE}.Release|Any CPU.ActiveCfg = Release|Any CPU
		{08D27E53-BEE7-4BCC-AE34-63E44B8F00CE}.Release|Any CPU.Build.0 = Release|Any CPU
		{08D27E53-BEE7-4BCC-AE34-63E44B8F00CE}.Release|x64.ActiveCfg = Release|x64
		{08D27E53-BEE7-4BCC-AE34-63E44B8F00CE}.Release|x64.Build.0 = Release|x64
		{08D27E53-BEE7-4BCC-AE34-63E44B8F00CE}.Release|x86.ActiveCfg = Release|x86
		{08D27E53-BEE7-4BCC-AE34-63E44B8F00CE}.Release|x86.Build.0 = Release|x86
		{B4D513D6-7535-4A08-B754-B465C8BB9900}.Debug|Any CPU.ActiveCfg = Debug|Any CPU
		{B4D513D6-7535-4A08-B754-B465C8BB9900}.Debug|Any CPU.Build.0 = Debug|Any CPU
		{B4D513D6-7535-4A08-B754-B465C8BB9900}.Debug|x64.ActiveCfg = Debug|x64
		{B4D513D6-7535-4A08-B754-B465C8BB9900}.Debug|x64.Build.0 = Debug|x64
		{B4D513D6-7535-4A08-B754-B465C8BB9900}.Debug|x86.ActiveCfg = Debug|x86
		{B4D513D6-7535-4A08-B754-B465C8BB9900}.Debug|x86.Build.0 = Debug|x86
		{B4D513D6-7535-4A08-B754-B465C8BB9900}.Release|Any CPU.ActiveCfg = Release|Any CPU
		{B4D513D6-7535-4A08-B754-B465C8BB9900}.Release|Any CPU.Build.0 = Release|Any CPU
		{B4D513D6-7535-4A08-B754-B465C8BB9900}.Release|x64.ActiveCfg = Release|x64
		{B4D513D6-7535-4A08-B754-B465C8BB9900}.Release|x64.Build.0 = Release|x64
		{B4D513D6-7535-4A08-B754-B465C8BB9900}.Release|x86.ActiveCfg = Release|x86
		{B4D513D6-7535-4A08-B754-B465C8BB9900}.Release|x86.Build.0 = Release|x86
		{D3A60A2C-A4D6-4B1F-AD46-76EE6C164C02}.Debug|Any CPU.ActiveCfg = Debug|Any CPU
		{D3A60A2C-A4D6-4B1F-AD46-76EE6C164C02}.Debug|Any CPU.Build.0 = Debug|Any CPU
		{D3A60A2C-A4D6-4B1F-AD46-76EE6C164C02}.Debug|x64.ActiveCfg = Debug|x64
		{D3A60A2C-A4D6-4B1F-AD46-76EE6C164C02}.Debug|x64.Build.0 = Debug|x64
		{D3A60A2C-A4D6-4B1F-AD46-76EE6C164C02}.Debug|x86.ActiveCfg = Debug|x86
		{D3A60A2C-A4D6-4B1F-AD46-76EE6C164C02}.Debug|x86.Build.0 = Debug|x86
		{D3A60A2C-A4D6-4B1F-AD46-76EE6C164C02}.Release|Any CPU.ActiveCfg = Release|Any CPU
		{D3A60A2C-A4D6-4B1F-AD46-76EE6C164C02}.Release|Any CPU.Build.0 = Release|Any CPU
		{D3A60A2C-A4D6-4B1F-AD46-76EE6C164C02}.Release|x64.ActiveCfg = Release|x64
		{D3A60A2C-A4D6-4B1F-AD46-76EE6C164C02}.Release|x64.Build.0 = Release|x64
		{D3A60A2C-A4D6-4B1F-AD46-76EE6C164C02}.Release|x86.ActiveCfg = Release|x86
		{D3A60A2C-A4D6-4B1F-AD46-76EE6C164C02}.Release|x86.Build.0 = Release|x86
	EndGlobalSection
	GlobalSection(NestedProjects) = preSolution
		{08D27E53-BEE7-4BCC-AE34-63E44B8F00CE} = {BC9797D7-09BA-49D9-95D9-930320861A99}
		{B4D513D6-7535-4A08-B754-B465C8BB9900} = {AFADF9A8-E851-455C-A88A-F1D88902DCFD}
		{D3A60A2C-A4D6-4B1F-AD46-76EE6C164C02} = {AFADF9A8-E851-455C-A88A-F1D88902DCFD}
	EndGlobalSection
EndGlobal
